// !$*UTF8*$!
{
	archiveVersion = 1;
	classes = {
	};
	objectVersion = 56;
	objects = {

/* Begin PBXBuildFile section */
		18FBFA7B3633B725C1A96379 /* Pods_Chaty.framework in Frameworks */ = {isa = PBXBuildFile; fileRef = 3E70D326F2A0E66D5659DA41 /* Pods_Chaty.framework */; };
		27C617162A42C31F00226A36 /* AppDelegate.swift in Sources */ = {isa = PBXBuildFile; fileRef = 27C617152A42C31F00226A36 /* AppDelegate.swift */; };
		27C617182A42C31F00226A36 /* SceneDelegate.swift in Sources */ = {isa = PBXBuildFile; fileRef = 27C617172A42C31F00226A36 /* SceneDelegate.swift */; };
		27C6171A2A42C31F00226A36 /* WelcomeViewController.swift in Sources */ = {isa = PBXBuildFile; fileRef = 27C617192A42C31F00226A36 /* WelcomeViewController.swift */; };
		27C6171D2A42C31F00226A36 /* Main.storyboard in Resources */ = {isa = PBXBuildFile; fileRef = 27C6171B2A42C31F00226A36 /* Main.storyboard */; };
		27C6171F2A42C32000226A36 /* Assets.xcassets in Resources */ = {isa = PBXBuildFile; fileRef = 27C6171E2A42C32000226A36 /* Assets.xcassets */; };
		27C617222A42C32000226A36 /* LaunchScreen.storyboard in Resources */ = {isa = PBXBuildFile; fileRef = 27C617202A42C32000226A36 /* LaunchScreen.storyboard */; };
		27D033042A42DF48005443D7 /* RegisterViewController.swift in Sources */ = {isa = PBXBuildFile; fileRef = 27D033032A42DF48005443D7 /* RegisterViewController.swift */; };
		27D033062A42E87E005443D7 /* LoginViewController.swift in Sources */ = {isa = PBXBuildFile; fileRef = 27D033052A42E87E005443D7 /* LoginViewController.swift */; };
		27D033082A42F025005443D7 /* ChatViewController.swift in Sources */ = {isa = PBXBuildFile; fileRef = 27D033072A42F025005443D7 /* ChatViewController.swift */; };
/* End PBXBuildFile section */

/* Begin PBXFileReference section */
		27C617122A42C31F00226A36 /* Chaty.app */ = {isa = PBXFileReference; explicitFileType = wrapper.application; includeInIndex = 0; path = Chaty.app; sourceTree = BUILT_PRODUCTS_DIR; };
		27C617152A42C31F00226A36 /* AppDelegate.swift */ = {isa = PBXFileReference; lastKnownFileType = sourcecode.swift; path = AppDelegate.swift; sourceTree = "<group>"; };
		27C617172A42C31F00226A36 /* SceneDelegate.swift */ = {isa = PBXFileReference; lastKnownFileType = sourcecode.swift; path = SceneDelegate.swift; sourceTree = "<group>"; };
		27C617192A42C31F00226A36 /* WelcomeViewController.swift */ = {isa = PBXFileReference; lastKnownFileType = sourcecode.swift; path = WelcomeViewController.swift; sourceTree = "<group>"; };
		27C6171C2A42C31F00226A36 /* Base */ = {isa = PBXFileReference; lastKnownFileType = file.storyboard; name = Base; path = Base.lproj/Main.storyboard; sourceTree = "<group>"; };
		27C6171E2A42C32000226A36 /* Assets.xcassets */ = {isa = PBXFileReference; lastKnownFileType = folder.assetcatalog; path = Assets.xcassets; sourceTree = "<group>"; };
		27C617212A42C32000226A36 /* Base */ = {isa = PBXFileReference; lastKnownFileType = file.storyboard; name = Base; path = Base.lproj/LaunchScreen.storyboard; sourceTree = "<group>"; };
		27C617232A42C32000226A36 /* Info.plist */ = {isa = PBXFileReference; lastKnownFileType = text.plist.xml; path = Info.plist; sourceTree = "<group>"; };
		27D033032A42DF48005443D7 /* RegisterViewController.swift */ = {isa = PBXFileReference; lastKnownFileType = sourcecode.swift; path = RegisterViewController.swift; sourceTree = "<group>"; };
		27D033052A42E87E005443D7 /* LoginViewController.swift */ = {isa = PBXFileReference; lastKnownFileType = sourcecode.swift; path = LoginViewController.swift; sourceTree = "<group>"; };
		27D033072A42F025005443D7 /* ChatViewController.swift */ = {isa = PBXFileReference; lastKnownFileType = sourcecode.swift; path = ChatViewController.swift; sourceTree = "<group>"; };
		3E70D326F2A0E66D5659DA41 /* Pods_Chaty.framework */ = {isa = PBXFileReference; explicitFileType = wrapper.framework; includeInIndex = 0; path = Pods_Chaty.framework; sourceTree = BUILT_PRODUCTS_DIR; };
		67CD155C620112FC0FBC5A9C /* Pods-Chaty.debug.xcconfig */ = {isa = PBXFileReference; includeInIndex = 1; lastKnownFileType = text.xcconfig; name = "Pods-Chaty.debug.xcconfig"; path = "Target Support Files/Pods-Chaty/Pods-Chaty.debug.xcconfig"; sourceTree = "<group>"; };
		8298228FAE64CA8059C8C863 /* Pods-Chaty.release.xcconfig */ = {isa = PBXFileReference; includeInIndex = 1; lastKnownFileType = text.xcconfig; name = "Pods-Chaty.release.xcconfig"; path = "Target Support Files/Pods-Chaty/Pods-Chaty.release.xcconfig"; sourceTree = "<group>"; };
/* End PBXFileReference section */

/* Begin PBXFrameworksBuildPhase section */
		27C6170F2A42C31F00226A36 /* Frameworks */ = {
			isa = PBXFrameworksBuildPhase;
			buildActionMask = 2147483647;
			files = (
				18FBFA7B3633B725C1A96379 /* Pods_Chaty.framework in Frameworks */,
			);
			runOnlyForDeploymentPostprocessing = 0;
		};
/* End PBXFrameworksBuildPhase section */

/* Begin PBXGroup section */
		1D08268B41C857A334C62B7B /* Pods */ = {
			isa = PBXGroup;
			children = (
				67CD155C620112FC0FBC5A9C /* Pods-Chaty.debug.xcconfig */,
				8298228FAE64CA8059C8C863 /* Pods-Chaty.release.xcconfig */,
			);
			name = Pods;
			path = Pods;
			sourceTree = "<group>";
		};
		2563FC92AF8CC568EEF9227A /* Frameworks */ = {
			isa = PBXGroup;
			children = (
				3E70D326F2A0E66D5659DA41 /* Pods_Chaty.framework */,
			);
			name = Frameworks;
			sourceTree = "<group>";
		};
		27C617092A42C31F00226A36 = {
			isa = PBXGroup;
			children = (
				27C617142A42C31F00226A36 /* Chaty */,
				27C617132A42C31F00226A36 /* Products */,
				1D08268B41C857A334C62B7B /* Pods */,
				2563FC92AF8CC568EEF9227A /* Frameworks */,
			);
			sourceTree = "<group>";
		};
		27C617132A42C31F00226A36 /* Products */ = {
			isa = PBXGroup;
			children = (
				27C617122A42C31F00226A36 /* Chaty.app */,
			);
			name = Products;
			sourceTree = "<group>";
		};
		27C617142A42C31F00226A36 /* Chaty */ = {
			isa = PBXGroup;
			children = (
				27C617152A42C31F00226A36 /* AppDelegate.swift */,
				27C617172A42C31F00226A36 /* SceneDelegate.swift */,
				27D033022A42DED5005443D7 /* Views */,
				27D033012A42DEC9005443D7 /* Controllers */,
				27C6171E2A42C32000226A36 /* Assets.xcassets */,
				27C617202A42C32000226A36 /* LaunchScreen.storyboard */,
				27C617232A42C32000226A36 /* Info.plist */,
			);
			path = Chaty;
			sourceTree = "<group>";
		};
		27D033012A42DEC9005443D7 /* Controllers */ = {
			isa = PBXGroup;
			children = (
				27C617192A42C31F00226A36 /* WelcomeViewController.swift */,
				27D033032A42DF48005443D7 /* RegisterViewController.swift */,
				27D033052A42E87E005443D7 /* LoginViewController.swift */,
				27D033072A42F025005443D7 /* ChatViewController.swift */,
			);
			path = Controllers;
			sourceTree = "<group>";
		};
		27D033022A42DED5005443D7 /* Views */ = {
			isa = PBXGroup;
			children = (
				27C6171B2A42C31F00226A36 /* Main.storyboard */,
			);
			path = Views;
			sourceTree = "<group>";
		};
/* End PBXGroup section */

/* Begin PBXNativeTarget section */
		27C617112A42C31F00226A36 /* Chaty */ = {
			isa = PBXNativeTarget;
			buildConfigurationList = 27C617262A42C32000226A36 /* Build configuration list for PBXNativeTarget "Chaty" */;
			buildPhases = (
				89CB2CD1586D319776958025 /* [CP] Check Pods Manifest.lock */,
				27C6170E2A42C31F00226A36 /* Sources */,
				27C6170F2A42C31F00226A36 /* Frameworks */,
				27C617102A42C31F00226A36 /* Resources */,
				6736328C2567A61BF95D3049 /* [CP] Embed Pods Frameworks */,
			);
			buildRules = (
			);
			dependencies = (
			);
			name = Chaty;
			productName = Chaty;
			productReference = 27C617122A42C31F00226A36 /* Chaty.app */;
			productType = "com.apple.product-type.application";
		};
/* End PBXNativeTarget section */

/* Begin PBXProject section */
		27C6170A2A42C31F00226A36 /* Project object */ = {
			isa = PBXProject;
			attributes = {
				BuildIndependentTargetsInParallel = 1;
				LastSwiftUpdateCheck = 1430;
				LastUpgradeCheck = 1430;
				TargetAttributes = {
					27C617112A42C31F00226A36 = {
						CreatedOnToolsVersion = 14.3.1;
					};
				};
			};
			buildConfigurationList = 27C6170D2A42C31F00226A36 /* Build configuration list for PBXProject "Chaty" */;
			compatibilityVersion = "Xcode 14.0";
			developmentRegion = en;
			hasScannedForEncodings = 0;
			knownRegions = (
				en,
				Base,
			);
			mainGroup = 27C617092A42C31F00226A36;
			productRefGroup = 27C617132A42C31F00226A36 /* Products */;
			projectDirPath = "";
			projectRoot = "";
			targets = (
				27C617112A42C31F00226A36 /* Chaty */,
			);
		};
/* End PBXProject section */

/* Begin PBXResourcesBuildPhase section */
		27C617102A42C31F00226A36 /* Resources */ = {
			isa = PBXResourcesBuildPhase;
			buildActionMask = 2147483647;
			files = (
				27C617222A42C32000226A36 /* LaunchScreen.storyboard in Resources */,
				27C6171F2A42C32000226A36 /* Assets.xcassets in Resources */,
				27C6171D2A42C31F00226A36 /* Main.storyboard in Resources */,
			);
			runOnlyForDeploymentPostprocessing = 0;
		};
/* End PBXResourcesBuildPhase section */

/* Begin PBXShellScriptBuildPhase section */
		6736328C2567A61BF95D3049 /* [CP] Embed Pods Frameworks */ = {
			isa = PBXShellScriptBuildPhase;
			buildActionMask = 2147483647;
			files = (
			);
			inputFileListPaths = (
				"${PODS_ROOT}/Target Support Files/Pods-Chaty/Pods-Chaty-frameworks-${CONFIGURATION}-input-files.xcfilelist",
			);
			name = "[CP] Embed Pods Frameworks";
			outputFileListPaths = (
				"${PODS_ROOT}/Target Support Files/Pods-Chaty/Pods-Chaty-frameworks-${CONFIGURATION}-output-files.xcfilelist",
			);
			runOnlyForDeploymentPostprocessing = 0;
			shellPath = /bin/sh;
			shellScript = "\"${PODS_ROOT}/Target Support Files/Pods-Chaty/Pods-Chaty-frameworks.sh\"\n";
			showEnvVarsInLog = 0;
		};
		89CB2CD1586D319776958025 /* [CP] Check Pods Manifest.lock */ = {
			isa = PBXShellScriptBuildPhase;
			buildActionMask = 2147483647;
			files = (
			);
			inputFileListPaths = (
			);
			inputPaths = (
				"${PODS_PODFILE_DIR_PATH}/Podfile.lock",
				"${PODS_ROOT}/Manifest.lock",
			);
			name = "[CP] Check Pods Manifest.lock";
			outputFileListPaths = (
			);
			outputPaths = (
				"$(DERIVED_FILE_DIR)/Pods-Chaty-checkManifestLockResult.txt",
			);
			runOnlyForDeploymentPostprocessing = 0;
			shellPath = /bin/sh;
			shellScript = "diff \"${PODS_PODFILE_DIR_PATH}/Podfile.lock\" \"${PODS_ROOT}/Manifest.lock\" > /dev/null\nif [ $? != 0 ] ; then\n    # print error to STDERR\n    echo \"error: The sandbox is not in sync with the Podfile.lock. Run 'pod install' or update your CocoaPods installation.\" >&2\n    exit 1\nfi\n# This output is used by Xcode 'outputs' to avoid re-running this script phase.\necho \"SUCCESS\" > \"${SCRIPT_OUTPUT_FILE_0}\"\n";
			showEnvVarsInLog = 0;
		};
/* End PBXShellScriptBuildPhase section */

/* Begin PBXSourcesBuildPhase section */
		27C6170E2A42C31F00226A36 /* Sources */ = {
			isa = PBXSourcesBuildPhase;
			buildActionMask = 2147483647;
			files = (
				27C6171A2A42C31F00226A36 /* WelcomeViewController.swift in Sources */,
				27C617162A42C31F00226A36 /* AppDelegate.swift in Sources */,
				27C617182A42C31F00226A36 /* SceneDelegate.swift in Sources */,
				27D033062A42E87E005443D7 /* LoginViewController.swift in Sources */,
				27D033082A42F025005443D7 /* ChatViewController.swift in Sources */,
				27D033042A42DF48005443D7 /* RegisterViewController.swift in Sources */,
			);
			runOnlyForDeploymentPostprocessing = 0;
		};
/* End PBXSourcesBuildPhase section */

/* Begin PBXVariantGroup section */
		27C6171B2A42C31F00226A36 /* Main.storyboard */ = {
			isa = PBXVariantGroup;
			children = (
				27C6171C2A42C31F00226A36 /* Base */,
			);
			name = Main.storyboard;
			sourceTree = "<group>";
		};
		27C617202A42C32000226A36 /* LaunchScreen.storyboard */ = {
			isa = PBXVariantGroup;
			children = (
				27C617212A42C32000226A36 /* Base */,
			);
			name = LaunchScreen.storyboard;
			sourceTree = "<group>";
		};
/* End PBXVariantGroup section */

/* Begin XCBuildConfiguration section */
		27C617242A42C32000226A36 /* Debug */ = {
			isa = XCBuildConfiguration;
			buildSettings = {
				ALWAYS_SEARCH_USER_PATHS = NO;
				CLANG_ANALYZER_NONNULL = YES;
				CLANG_ANALYZER_NUMBER_OBJECT_CONVERSION = YES_AGGRESSIVE;
				CLANG_CXX_LANGUAGE_STANDARD = "gnu++20";
				CLANG_ENABLE_MODULES = YES;
				CLANG_ENABLE_OBJC_ARC = YES;
				CLANG_ENABLE_OBJC_WEAK = YES;
				CLANG_WARN_BLOCK_CAPTURE_AUTORELEASING = YES;
				CLANG_WARN_BOOL_CONVERSION = YES;
				CLANG_WARN_COMMA = YES;
				CLANG_WARN_CONSTANT_CONVERSION = YES;
				CLANG_WARN_DEPRECATED_OBJC_IMPLEMENTATIONS = YES;
				CLANG_WARN_DIRECT_OBJC_ISA_USAGE = YES_ERROR;
				CLANG_WARN_DOCUMENTATION_COMMENTS = YES;
				CLANG_WARN_EMPTY_BODY = YES;
				CLANG_WARN_ENUM_CONVERSION = YES;
				CLANG_WARN_INFINITE_RECURSION = YES;
				CLANG_WARN_INT_CONVERSION = YES;
				CLANG_WARN_NON_LITERAL_NULL_CONVERSION = YES;
				CLANG_WARN_OBJC_IMPLICIT_RETAIN_SELF = YES;
				CLANG_WARN_OBJC_LITERAL_CONVERSION = YES;
				CLANG_WARN_OBJC_ROOT_CLASS = YES_ERROR;
				CLANG_WARN_QUOTED_INCLUDE_IN_FRAMEWORK_HEADER = YES;
				CLANG_WARN_RANGE_LOOP_ANALYSIS = YES;
				CLANG_WARN_STRICT_PROTOTYPES = YES;
				CLANG_WARN_SUSPICIOUS_MOVE = YES;
				CLANG_WARN_UNGUARDED_AVAILABILITY = YES_AGGRESSIVE;
				CLANG_WARN_UNREACHABLE_CODE = YES;
				CLANG_WARN__DUPLICATE_METHOD_MATCH = YES;
				COPY_PHASE_STRIP = NO;
				DEBUG_INFORMATION_FORMAT = dwarf;
				ENABLE_STRICT_OBJC_MSGSEND = YES;
				ENABLE_TESTABILITY = YES;
				GCC_C_LANGUAGE_STANDARD = gnu11;
				GCC_DYNAMIC_NO_PIC = NO;
				GCC_NO_COMMON_BLOCKS = YES;
				GCC_OPTIMIZATION_LEVEL = 0;
				GCC_PREPROCESSOR_DEFINITIONS = (
					"DEBUG=1",
					"$(inherited)",
				);
				GCC_WARN_64_TO_32_BIT_CONVERSION = YES;
				GCC_WARN_ABOUT_RETURN_TYPE = YES_ERROR;
				GCC_WARN_UNDECLARED_SELECTOR = YES;
				GCC_WARN_UNINITIALIZED_AUTOS = YES_AGGRESSIVE;
				GCC_WARN_UNUSED_FUNCTION = YES;
				GCC_WARN_UNUSED_VARIABLE = YES;
				IPHONEOS_DEPLOYMENT_TARGET = 16.4;
				MTL_ENABLE_DEBUG_INFO = INCLUDE_SOURCE;
				MTL_FAST_MATH = YES;
				ONLY_ACTIVE_ARCH = YES;
				SDKROOT = iphoneos;
				SWIFT_ACTIVE_COMPILATION_CONDITIONS = DEBUG;
				SWIFT_OPTIMIZATION_LEVEL = "-Onone";
			};
			name = Debug;
		};
		27C617252A42C32000226A36 /* Release */ = {
			isa = XCBuildConfiguration;
			buildSettings = {
				ALWAYS_SEARCH_USER_PATHS = NO;
				CLANG_ANALYZER_NONNULL = YES;
				CLANG_ANALYZER_NUMBER_OBJECT_CONVERSION = YES_AGGRESSIVE;
				CLANG_CXX_LANGUAGE_STANDARD = "gnu++20";
				CLANG_ENABLE_MODULES = YES;
				CLANG_ENABLE_OBJC_ARC = YES;
				CLANG_ENABLE_OBJC_WEAK = YES;
				CLANG_WARN_BLOCK_CAPTURE_AUTORELEASING = YES;
				CLANG_WARN_BOOL_CONVERSION = YES;
				CLANG_WARN_COMMA = YES;
				CLANG_WARN_CONSTANT_CONVERSION = YES;
				CLANG_WARN_DEPRECATED_OBJC_IMPLEMENTATIONS = YES;
				CLANG_WARN_DIRECT_OBJC_ISA_USAGE = YES_ERROR;
				CLANG_WARN_DOCUMENTATION_COMMENTS = YES;
				CLANG_WARN_EMPTY_BODY = YES;
				CLANG_WARN_ENUM_CONVERSION = YES;
				CLANG_WARN_INFINITE_RECURSION = YES;
				CLANG_WARN_INT_CONVERSION = YES;
				CLANG_WARN_NON_LITERAL_NULL_CONVERSION = YES;
				CLANG_WARN_OBJC_IMPLICIT_RETAIN_SELF = YES;
				CLANG_WARN_OBJC_LITERAL_CONVERSION = YES;
				CLANG_WARN_OBJC_ROOT_CLASS = YES_ERROR;
				CLANG_WARN_QUOTED_INCLUDE_IN_FRAMEWORK_HEADER = YES;
				CLANG_WARN_RANGE_LOOP_ANALYSIS = YES;
				CLANG_WARN_STRICT_PROTOTYPES = YES;
				CLANG_WARN_SUSPICIOUS_MOVE = YES;
				CLANG_WARN_UNGUARDED_AVAILABILITY = YES_AGGRESSIVE;
				CLANG_WARN_UNREACHABLE_CODE = YES;
				CLANG_WARN__DUPLICATE_METHOD_MATCH = YES;
				COPY_PHASE_STRIP = NO;
				DEBUG_INFORMATION_FORMAT = "dwarf-with-dsym";
				ENABLE_NS_ASSERTIONS = NO;
				ENABLE_STRICT_OBJC_MSGSEND = YES;
				GCC_C_LANGUAGE_STANDARD = gnu11;
				GCC_NO_COMMON_BLOCKS = YES;
				GCC_WARN_64_TO_32_BIT_CONVERSION = YES;
				GCC_WARN_ABOUT_RETURN_TYPE = YES_ERROR;
				GCC_WARN_UNDECLARED_SELECTOR = YES;
				GCC_WARN_UNINITIALIZED_AUTOS = YES_AGGRESSIVE;
				GCC_WARN_UNUSED_FUNCTION = YES;
				GCC_WARN_UNUSED_VARIABLE = YES;
				IPHONEOS_DEPLOYMENT_TARGET = 16.4;
				MTL_ENABLE_DEBUG_INFO = NO;
				MTL_FAST_MATH = YES;
				SDKROOT = iphoneos;
				SWIFT_COMPILATION_MODE = wholemodule;
				SWIFT_OPTIMIZATION_LEVEL = "-O";
				VALIDATE_PRODUCT = YES;
			};
			name = Release;
		};
		27C617272A42C32000226A36 /* Debug */ = {
			isa = XCBuildConfiguration;
			baseConfigurationReference = 67CD155C620112FC0FBC5A9C /* Pods-Chaty.debug.xcconfig */;
			buildSettings = {
				ASSETCATALOG_COMPILER_APPICON_NAME = AppIcon;
				ASSETCATALOG_COMPILER_GLOBAL_ACCENT_COLOR_NAME = AccentColor;
				CODE_SIGN_STYLE = Automatic;
				CURRENT_PROJECT_VERSION = 1;
				DEVELOPMENT_TEAM = 2YW3Q5CP4C;
				GENERATE_INFOPLIST_FILE = YES;
				INFOPLIST_FILE = Chaty/Info.plist;
				INFOPLIST_KEY_UIApplicationSupportsIndirectInputEvents = YES;
				INFOPLIST_KEY_UILaunchStoryboardName = LaunchScreen;
				INFOPLIST_KEY_UIMainStoryboardFile = Main;
				INFOPLIST_KEY_UISupportedInterfaceOrientations_iPad = "UIInterfaceOrientationPortrait UIInterfaceOrientationPortraitUpsideDown UIInterfaceOrientationLandscapeLeft UIInterfaceOrientationLandscapeRight";
				INFOPLIST_KEY_UISupportedInterfaceOrientations_iPhone = "UIInterfaceOrientationPortrait UIInterfaceOrientationLandscapeLeft UIInterfaceOrientationLandscapeRight";
				LD_RUNPATH_SEARCH_PATHS = (
					"$(inherited)",
					"@executable_path/Frameworks",
				);
				MARKETING_VERSION = 1.0;
				PRODUCT_BUNDLE_IDENTIFIER = com.dinaraospanova.Chaty;
				PRODUCT_NAME = "$(TARGET_NAME)";
				SWIFT_EMIT_LOC_STRINGS = YES;
				SWIFT_VERSION = 5.0;
				TARGETED_DEVICE_FAMILY = "1,2";
			};
			name = Debug;
		};
		27C617282A42C32000226A36 /* Release */ = {
			isa = XCBuildConfiguration;
			baseConfigurationReference = 8298228FAE64CA8059C8C863 /* Pods-Chaty.release.xcconfig */;
			buildSettings = {
				ASSETCATALOG_COMPILER_APPICON_NAME = AppIcon;
				ASSETCATALOG_COMPILER_GLOBAL_ACCENT_COLOR_NAME = AccentColor;
				CODE_SIGN_STYLE = Automatic;
				CURRENT_PROJECT_VERSION = 1;
				DEVELOPMENT_TEAM = 2YW3Q5CP4C;
				GENERATE_INFOPLIST_FILE = YES;
				INFOPLIST_FILE = Chaty/Info.plist;
				INFOPLIST_KEY_UIApplicationSupportsIndirectInputEvents = YES;
				INFOPLIST_KEY_UILaunchStoryboardName = LaunchScreen;
				INFOPLIST_KEY_UIMainStoryboardFile = Main;
				INFOPLIST_KEY_UISupportedInterfaceOrientations_iPad = "UIInterfaceOrientationPortrait UIInterfaceOrientationPortraitUpsideDown UIInterfaceOrientationLandscapeLeft UIInterfaceOrientationLandscapeRight";
				INFOPLIST_KEY_UISupportedInterfaceOrientations_iPhone = "UIInterfaceOrientationPortrait UIInterfaceOrientationLandscapeLeft UIInterfaceOrientationLandscapeRight";
				LD_RUNPATH_SEARCH_PATHS = (
					"$(inherited)",
					"@executable_path/Frameworks",
				);
				MARKETING_VERSION = 1.0;
				PRODUCT_BUNDLE_IDENTIFIER = com.dinaraospanova.Chaty;
				PRODUCT_NAME = "$(TARGET_NAME)";
				SWIFT_EMIT_LOC_STRINGS = YES;
				SWIFT_VERSION = 5.0;
				TARGETED_DEVICE_FAMILY = "1,2";
			};
			name = Release;
		};
/* End XCBuildConfiguration section */

/* Begin XCConfigurationList section */
		27C6170D2A42C31F00226A36 /* Build configuration list for PBXProject "Chaty" */ = {
			isa = XCConfigurationList;
			buildConfigurations = (
				27C617242A42C32000226A36 /* Debug */,
				27C617252A42C32000226A36 /* Release */,
			);
			defaultConfigurationIsVisible = 0;
			defaultConfigurationName = Release;
		};
		27C617262A42C32000226A36 /* Build configuration list for PBXNativeTarget "Chaty" */ = {
			isa = XCConfigurationList;
			buildConfigurations = (
				27C617272A42C32000226A36 /* Debug */,
				27C617282A42C32000226A36 /* Release */,
			);
			defaultConfigurationIsVisible = 0;
			defaultConfigurationName = Release;
		};
/* End XCConfigurationList section */
	};
	rootObject = 27C6170A2A42C31F00226A36 /* Project object */;
}
